// !$*UTF8*$!
{
	archiveVersion = 1;
	classes = {
	};
	objectVersion = 50;
	objects = {

/* Begin PBXBuildFile section */
		6AC5DDF3219E8DE800971C3F /* AppDelegate.swift in Sources */ = {isa = PBXBuildFile; fileRef = 6AC5DDF2219E8DE800971C3F /* AppDelegate.swift */; };
		6AC5DDF8219E8DE800971C3F /* Main.storyboard in Resources */ = {isa = PBXBuildFile; fileRef = 6AC5DDF6219E8DE800971C3F /* Main.storyboard */; };
		6AC5DDFA219E8DE900971C3F /* Assets.xcassets in Resources */ = {isa = PBXBuildFile; fileRef = 6AC5DDF9219E8DE900971C3F /* Assets.xcassets */; };
		6AC5DDFD219E8DE900971C3F /* LaunchScreen.storyboard in Resources */ = {isa = PBXBuildFile; fileRef = 6AC5DDFB219E8DE900971C3F /* LaunchScreen.storyboard */; };
		6AC5DE06219E912F00971C3F /* APIManager.swift in Sources */ = {isa = PBXBuildFile; fileRef = 6AC5DE05219E912F00971C3F /* APIManager.swift */; };
		6AC5DE09219E95BF00971C3F /* AlbumTableViewCell.swift in Sources */ = {isa = PBXBuildFile; fileRef = 6AC5DE08219E95BF00971C3F /* AlbumTableViewCell.swift */; };
		6AC5DE0D219E962100971C3F /* AlbumTableViewController.swift in Sources */ = {isa = PBXBuildFile; fileRef = 6AC5DE0C219E962100971C3F /* AlbumTableViewController.swift */; };
		6AC5DE10219E96C100971C3F /* AlbumModel.swift in Sources */ = {isa = PBXBuildFile; fileRef = 6AC5DE0F219E96C100971C3F /* AlbumModel.swift */; };
		6AC5DE13219E97E800971C3F /* AlbumViewModal.swift in Sources */ = {isa = PBXBuildFile; fileRef = 6AC5DE12219E97E800971C3F /* AlbumViewModal.swift */; };
		6AC5DE19219ECBE100971C3F /* PhotosCollectionViewController.swift in Sources */ = {isa = PBXBuildFile; fileRef = 6AC5DE18219ECBE100971C3F /* PhotosCollectionViewController.swift */; };
		6AC5DE1B219ECBF200971C3F /* PhotoModel.swift in Sources */ = {isa = PBXBuildFile; fileRef = 6AC5DE1A219ECBF200971C3F /* PhotoModel.swift */; };
		6AC5DE1D219ECC0A00971C3F /* PhotoViewModal.swift in Sources */ = {isa = PBXBuildFile; fileRef = 6AC5DE1C219ECC0A00971C3F /* PhotoViewModal.swift */; };
		6AC5DE1F219ECC1B00971C3F /* PhotoCollectionViewCell.swift in Sources */ = {isa = PBXBuildFile; fileRef = 6AC5DE1E219ECC1B00971C3F /* PhotoCollectionViewCell.swift */; };
		6AC5DE25219ED5E600971C3F /* Utilities.swift in Sources */ = {isa = PBXBuildFile; fileRef = 6AC5DE24219ED5E600971C3F /* Utilities.swift */; };
		753E782794B79613FD1D16B1 /* Pods_Album_Viewer.framework in Frameworks */ = {isa = PBXBuildFile; fileRef = 62AECE827AEA8E9B7C614489 /* Pods_Album_Viewer.framework */; };
/* End PBXBuildFile section */

/* Begin PBXFileReference section */
		006654B5693AFADB78D8CEB2 /* Pods-Album Viewer.release.xcconfig */ = {isa = PBXFileReference; includeInIndex = 1; lastKnownFileType = text.xcconfig; name = "Pods-Album Viewer.release.xcconfig"; path = "Pods/Target Support Files/Pods-Album Viewer/Pods-Album Viewer.release.xcconfig"; sourceTree = "<group>"; };
		38D1F2585E0DFA8D83B12EF4 /* Pods-Album Viewer.debug.xcconfig */ = {isa = PBXFileReference; includeInIndex = 1; lastKnownFileType = text.xcconfig; name = "Pods-Album Viewer.debug.xcconfig"; path = "Pods/Target Support Files/Pods-Album Viewer/Pods-Album Viewer.debug.xcconfig"; sourceTree = "<group>"; };
		62AECE827AEA8E9B7C614489 /* Pods_Album_Viewer.framework */ = {isa = PBXFileReference; explicitFileType = wrapper.framework; includeInIndex = 0; path = Pods_Album_Viewer.framework; sourceTree = BUILT_PRODUCTS_DIR; };
		6AC5DDEF219E8DE800971C3F /* Album Viewer.app */ = {isa = PBXFileReference; explicitFileType = wrapper.application; includeInIndex = 0; path = "Album Viewer.app"; sourceTree = BUILT_PRODUCTS_DIR; };
		6AC5DDF2219E8DE800971C3F /* AppDelegate.swift */ = {isa = PBXFileReference; lastKnownFileType = sourcecode.swift; path = AppDelegate.swift; sourceTree = "<group>"; };
		6AC5DDF7219E8DE800971C3F /* Base */ = {isa = PBXFileReference; lastKnownFileType = file.storyboard; name = Base; path = Base.lproj/Main.storyboard; sourceTree = "<group>"; };
		6AC5DDF9219E8DE900971C3F /* Assets.xcassets */ = {isa = PBXFileReference; lastKnownFileType = folder.assetcatalog; path = Assets.xcassets; sourceTree = "<group>"; };
		6AC5DDFC219E8DE900971C3F /* Base */ = {isa = PBXFileReference; lastKnownFileType = file.storyboard; name = Base; path = Base.lproj/LaunchScreen.storyboard; sourceTree = "<group>"; };
		6AC5DDFE219E8DE900971C3F /* Info.plist */ = {isa = PBXFileReference; lastKnownFileType = text.plist.xml; path = Info.plist; sourceTree = "<group>"; };
		6AC5DE05219E912F00971C3F /* APIManager.swift */ = {isa = PBXFileReference; lastKnownFileType = sourcecode.swift; path = APIManager.swift; sourceTree = "<group>"; };
		6AC5DE08219E95BF00971C3F /* AlbumTableViewCell.swift */ = {isa = PBXFileReference; lastKnownFileType = sourcecode.swift; path = AlbumTableViewCell.swift; sourceTree = "<group>"; };
		6AC5DE0C219E962100971C3F /* AlbumTableViewController.swift */ = {isa = PBXFileReference; lastKnownFileType = sourcecode.swift; path = AlbumTableViewController.swift; sourceTree = "<group>"; };
		6AC5DE0F219E96C100971C3F /* AlbumModel.swift */ = {isa = PBXFileReference; lastKnownFileType = sourcecode.swift; path = AlbumModel.swift; sourceTree = "<group>"; };
		6AC5DE12219E97E800971C3F /* AlbumViewModal.swift */ = {isa = PBXFileReference; lastKnownFileType = sourcecode.swift; path = AlbumViewModal.swift; sourceTree = "<group>"; };
		6AC5DE18219ECBE100971C3F /* PhotosCollectionViewController.swift */ = {isa = PBXFileReference; lastKnownFileType = sourcecode.swift; path = PhotosCollectionViewController.swift; sourceTree = "<group>"; };
		6AC5DE1A219ECBF200971C3F /* PhotoModel.swift */ = {isa = PBXFileReference; lastKnownFileType = sourcecode.swift; path = PhotoModel.swift; sourceTree = "<group>"; };
		6AC5DE1C219ECC0A00971C3F /* PhotoViewModal.swift */ = {isa = PBXFileReference; lastKnownFileType = sourcecode.swift; path = PhotoViewModal.swift; sourceTree = "<group>"; };
		6AC5DE1E219ECC1B00971C3F /* PhotoCollectionViewCell.swift */ = {isa = PBXFileReference; lastKnownFileType = sourcecode.swift; path = PhotoCollectionViewCell.swift; sourceTree = "<group>"; };
		6AC5DE24219ED5E600971C3F /* Utilities.swift */ = {isa = PBXFileReference; lastKnownFileType = sourcecode.swift; path = Utilities.swift; sourceTree = "<group>"; };
/* End PBXFileReference section */

/* Begin PBXFrameworksBuildPhase section */
		6AC5DDEC219E8DE800971C3F /* Frameworks */ = {
			isa = PBXFrameworksBuildPhase;
			buildActionMask = 2147483647;
			files = (
				753E782794B79613FD1D16B1 /* Pods_Album_Viewer.framework in Frameworks */,
			);
			runOnlyForDeploymentPostprocessing = 0;
		};
/* End PBXFrameworksBuildPhase section */

/* Begin PBXGroup section */
		3A92048A01D036CA36A322A8 /* Pods */ = {
			isa = PBXGroup;
			children = (
				38D1F2585E0DFA8D83B12EF4 /* Pods-Album Viewer.debug.xcconfig */,
				006654B5693AFADB78D8CEB2 /* Pods-Album Viewer.release.xcconfig */,
			);
			name = Pods;
			sourceTree = "<group>";
		};
		6AC5DDE6219E8DE800971C3F = {
			isa = PBXGroup;
			children = (
				6AC5DDF1219E8DE800971C3F /* Album Viewer */,
				6AC5DDF0219E8DE800971C3F /* Products */,
				3A92048A01D036CA36A322A8 /* Pods */,
				72C31579C8AC3ECA15DFBD1B /* Frameworks */,
			);
			sourceTree = "<group>";
		};
		6AC5DDF0219E8DE800971C3F /* Products */ = {
			isa = PBXGroup;
			children = (
				6AC5DDEF219E8DE800971C3F /* Album Viewer.app */,
			);
			name = Products;
			sourceTree = "<group>";
		};
		6AC5DDF1219E8DE800971C3F /* Album Viewer */ = {
			isa = PBXGroup;
			children = (
				6AC5DDF2219E8DE800971C3F /* AppDelegate.swift */,
				6AC5DDF6219E8DE800971C3F /* Main.storyboard */,
				6AC5DE0B219E960D00971C3F /* Album */,
				6AC5DE17219ECBAF00971C3F /* Photos */,
				6AC5DE04219E911C00971C3F /* API manager */,
				6AC5DE14219EB8A300971C3F /* Utilities */,
				6AC5DDF9219E8DE900971C3F /* Assets.xcassets */,
				6AC5DDFB219E8DE900971C3F /* LaunchScreen.storyboard */,
				6AC5DDFE219E8DE900971C3F /* Info.plist */,
			);
			path = "Album Viewer";
			sourceTree = "<group>";
		};
		6AC5DE04219E911C00971C3F /* API manager */ = {
			isa = PBXGroup;
			children = (
				6AC5DE05219E912F00971C3F /* APIManager.swift */,
			);
			path = "API manager";
			sourceTree = "<group>";
		};
		6AC5DE07219E95AA00971C3F /* Album TableView Cell */ = {
			isa = PBXGroup;
			children = (
				6AC5DE08219E95BF00971C3F /* AlbumTableViewCell.swift */,
			);
			path = "Album TableView Cell";
			sourceTree = "<group>";
		};
		6AC5DE0A219E95FD00971C3F /* Album TableView Controller */ = {
			isa = PBXGroup;
			children = (
				6AC5DE0C219E962100971C3F /* AlbumTableViewController.swift */,
			);
			path = "Album TableView Controller";
			sourceTree = "<group>";
		};
		6AC5DE0B219E960D00971C3F /* Album */ = {
			isa = PBXGroup;
			children = (
				6AC5DE0A219E95FD00971C3F /* Album TableView Controller */,
				6AC5DE07219E95AA00971C3F /* Album TableView Cell */,
				6AC5DE11219E97C800971C3F /* Album ViewModal */,
				6AC5DE0E219E96A400971C3F /* Album Model */,
			);
			path = Album;
			sourceTree = "<group>";
		};
		6AC5DE0E219E96A400971C3F /* Album Model */ = {
			isa = PBXGroup;
			children = (
				6AC5DE0F219E96C100971C3F /* AlbumModel.swift */,
			);
			path = "Album Model";
			sourceTree = "<group>";
		};
		6AC5DE11219E97C800971C3F /* Album ViewModal */ = {
			isa = PBXGroup;
			children = (
				6AC5DE12219E97E800971C3F /* AlbumViewModal.swift */,
			);
			path = "Album ViewModal";
			sourceTree = "<group>";
		};
		6AC5DE14219EB8A300971C3F /* Utilities */ = {
			isa = PBXGroup;
			children = (
				6AC5DE24219ED5E600971C3F /* Utilities.swift */,
			);
			path = Utilities;
			sourceTree = "<group>";
		};
		6AC5DE17219ECBAF00971C3F /* Photos */ = {
			isa = PBXGroup;
			children = (
				6AC5DE20219ECC2E00971C3F /* Photo CollectionView */,
				6AC5DE21219ECC3B00971C3F /* Photo CollectionView Cell */,
				6AC5DE23219ECC5500971C3F /* Photo ViewModal */,
				6AC5DE22219ECC4B00971C3F /* Photo Model */,
			);
			path = Photos;
			sourceTree = "<group>";
		};
		6AC5DE20219ECC2E00971C3F /* Photo CollectionView */ = {
			isa = PBXGroup;
			children = (
				6AC5DE18219ECBE100971C3F /* PhotosCollectionViewController.swift */,
			);
			path = "Photo CollectionView";
			sourceTree = "<group>";
		};
		6AC5DE21219ECC3B00971C3F /* Photo CollectionView Cell */ = {
			isa = PBXGroup;
			children = (
				6AC5DE1E219ECC1B00971C3F /* PhotoCollectionViewCell.swift */,
			);
			path = "Photo CollectionView Cell";
			sourceTree = "<group>";
		};
		6AC5DE22219ECC4B00971C3F /* Photo Model */ = {
			isa = PBXGroup;
			children = (
				6AC5DE1A219ECBF200971C3F /* PhotoModel.swift */,
			);
			path = "Photo Model";
			sourceTree = "<group>";
		};
		6AC5DE23219ECC5500971C3F /* Photo ViewModal */ = {
			isa = PBXGroup;
			children = (
				6AC5DE1C219ECC0A00971C3F /* PhotoViewModal.swift */,
			);
			path = "Photo ViewModal";
			sourceTree = "<group>";
		};
		72C31579C8AC3ECA15DFBD1B /* Frameworks */ = {
			isa = PBXGroup;
			children = (
				62AECE827AEA8E9B7C614489 /* Pods_Album_Viewer.framework */,
			);
			name = Frameworks;
			sourceTree = "<group>";
		};
/* End PBXGroup section */

/* Begin PBXNativeTarget section */
		6AC5DDEE219E8DE800971C3F /* Album Viewer */ = {
			isa = PBXNativeTarget;
			buildConfigurationList = 6AC5DE01219E8DE900971C3F /* Build configuration list for PBXNativeTarget "Album Viewer" */;
			buildPhases = (
				57445A5D654DE08AEF228790 /* [CP] Check Pods Manifest.lock */,
				6AC5DDEB219E8DE800971C3F /* Sources */,
				6AC5DDEC219E8DE800971C3F /* Frameworks */,
				6AC5DDED219E8DE800971C3F /* Resources */,
				201582FA73598EF5C60AE55E /* [CP] Embed Pods Frameworks */,
			);
			buildRules = (
			);
			dependencies = (
			);
			name = "Album Viewer";
			productName = "Album Viewer";
			productReference = 6AC5DDEF219E8DE800971C3F /* Album Viewer.app */;
			productType = "com.apple.product-type.application";
		};
/* End PBXNativeTarget section */

/* Begin PBXProject section */
		6AC5DDE7219E8DE800971C3F /* Project object */ = {
			isa = PBXProject;
			attributes = {
				LastSwiftUpdateCheck = 1010;
				LastUpgradeCheck = 1010;
				ORGANIZATIONNAME = "paras gorasiya";
				TargetAttributes = {
					6AC5DDEE219E8DE800971C3F = {
						CreatedOnToolsVersion = 10.1;
					};
				};
			};
			buildConfigurationList = 6AC5DDEA219E8DE800971C3F /* Build configuration list for PBXProject "Album Viewer" */;
			compatibilityVersion = "Xcode 9.3";
			developmentRegion = en;
			hasScannedForEncodings = 0;
			knownRegions = (
				en,
				Base,
			);
			mainGroup = 6AC5DDE6219E8DE800971C3F;
			productRefGroup = 6AC5DDF0219E8DE800971C3F /* Products */;
			projectDirPath = "";
			projectRoot = "";
			targets = (
				6AC5DDEE219E8DE800971C3F /* Album Viewer */,
			);
		};
/* End PBXProject section */

/* Begin PBXResourcesBuildPhase section */
		6AC5DDED219E8DE800971C3F /* Resources */ = {
			isa = PBXResourcesBuildPhase;
			buildActionMask = 2147483647;
			files = (
				6AC5DDFD219E8DE900971C3F /* LaunchScreen.storyboard in Resources */,
				6AC5DDFA219E8DE900971C3F /* Assets.xcassets in Resources */,
				6AC5DDF8219E8DE800971C3F /* Main.storyboard in Resources */,
			);
			runOnlyForDeploymentPostprocessing = 0;
		};
/* End PBXResourcesBuildPhase section */

/* Begin PBXShellScriptBuildPhase section */
		201582FA73598EF5C60AE55E /* [CP] Embed Pods Frameworks */ = {
			isa = PBXShellScriptBuildPhase;
			buildActionMask = 2147483647;
			files = (
			);
			inputPaths = (
				"${SRCROOT}/Pods/Target Support Files/Pods-Album Viewer/Pods-Album Viewer-frameworks.sh",
				"${BUILT_PRODUCTS_DIR}/Alamofire/Alamofire.framework",
				"${BUILT_PRODUCTS_DIR}/MKProgress/MKProgress.framework",
				"${BUILT_PRODUCTS_DIR}/SKPhotoBrowser/SKPhotoBrowser.framework",
				"${BUILT_PRODUCTS_DIR}/Unbox/Unbox.framework",
			);
			name = "[CP] Embed Pods Frameworks";
			outputPaths = (
				"${TARGET_BUILD_DIR}/${FRAMEWORKS_FOLDER_PATH}/Alamofire.framework",
				"${TARGET_BUILD_DIR}/${FRAMEWORKS_FOLDER_PATH}/MKProgress.framework",
				"${TARGET_BUILD_DIR}/${FRAMEWORKS_FOLDER_PATH}/SKPhotoBrowser.framework",
				"${TARGET_BUILD_DIR}/${FRAMEWORKS_FOLDER_PATH}/Unbox.framework",
			);
			runOnlyForDeploymentPostprocessing = 0;
			shellPath = /bin/sh;
			shellScript = "\"${SRCROOT}/Pods/Target Support Files/Pods-Album Viewer/Pods-Album Viewer-frameworks.sh\"\n";
			showEnvVarsInLog = 0;
		};
		57445A5D654DE08AEF228790 /* [CP] Check Pods Manifest.lock */ = {
			isa = PBXShellScriptBuildPhase;
			buildActionMask = 2147483647;
			files = (
			);
			inputPaths = (
				"${PODS_PODFILE_DIR_PATH}/Podfile.lock",
				"${PODS_ROOT}/Manifest.lock",
			);
			name = "[CP] Check Pods Manifest.lock";
			outputPaths = (
				"$(DERIVED_FILE_DIR)/Pods-Album Viewer-checkManifestLockResult.txt",
			);
			runOnlyForDeploymentPostprocessing = 0;
			shellPath = /bin/sh;
			shellScript = "diff \"${PODS_PODFILE_DIR_PATH}/Podfile.lock\" \"${PODS_ROOT}/Manifest.lock\" > /dev/null\nif [ $? != 0 ] ; then\n    # print error to STDERR\n    echo \"error: The sandbox is not in sync with the Podfile.lock. Run 'pod install' or update your CocoaPods installation.\" >&2\n    exit 1\nfi\n# This output is used by Xcode 'outputs' to avoid re-running this script phase.\necho \"SUCCESS\" > \"${SCRIPT_OUTPUT_FILE_0}\"\n";
			showEnvVarsInLog = 0;
		};
/* End PBXShellScriptBuildPhase section */

/* Begin PBXSourcesBuildPhase section */
		6AC5DDEB219E8DE800971C3F /* Sources */ = {
			isa = PBXSourcesBuildPhase;
			buildActionMask = 2147483647;
			files = (
				6AC5DE06219E912F00971C3F /* APIManager.swift in Sources */,
				6AC5DE1F219ECC1B00971C3F /* PhotoCollectionViewCell.swift in Sources */,
				6AC5DE25219ED5E600971C3F /* Utilities.swift in Sources */,
				6AC5DE10219E96C100971C3F /* AlbumModel.swift in Sources */,
				6AC5DE13219E97E800971C3F /* AlbumViewModal.swift in Sources */,
				6AC5DE19219ECBE100971C3F /* PhotosCollectionViewController.swift in Sources */,
				6AC5DE0D219E962100971C3F /* AlbumTableViewController.swift in Sources */,
				6AC5DDF3219E8DE800971C3F /* AppDelegate.swift in Sources */,
				6AC5DE1D219ECC0A00971C3F /* PhotoViewModal.swift in Sources */,
				6AC5DE1B219ECBF200971C3F /* PhotoModel.swift in Sources */,
				6AC5DE09219E95BF00971C3F /* AlbumTableViewCell.swift in Sources */,
			);
			runOnlyForDeploymentPostprocessing = 0;
		};
/* End PBXSourcesBuildPhase section */

/* Begin PBXVariantGroup section */
		6AC5DDF6219E8DE800971C3F /* Main.storyboard */ = {
			isa = PBXVariantGroup;
			children = (
				6AC5DDF7219E8DE800971C3F /* Base */,
			);
			name = Main.storyboard;
			sourceTree = "<group>";
		};
		6AC5DDFB219E8DE900971C3F /* LaunchScreen.storyboard */ = {
			isa = PBXVariantGroup;
			children = (
				6AC5DDFC219E8DE900971C3F /* Base */,
			);
			name = LaunchScreen.storyboard;
			sourceTree = "<group>";
		};
/* End PBXVariantGroup section */

/* Begin XCBuildConfiguration section */
		6AC5DDFF219E8DE900971C3F /* Debug */ = {
			isa = XCBuildConfiguration;
			buildSettings = {
				ALWAYS_SEARCH_USER_PATHS = NO;
				CLANG_ANALYZER_NONNULL = YES;
				CLANG_ANALYZER_NUMBER_OBJECT_CONVERSION = YES_AGGRESSIVE;
				CLANG_CXX_LANGUAGE_STANDARD = "gnu++14";
				CLANG_CXX_LIBRARY = "libc++";
				CLANG_ENABLE_MODULES = YES;
				CLANG_ENABLE_OBJC_ARC = YES;
				CLANG_ENABLE_OBJC_WEAK = YES;
				CLANG_WARN_BLOCK_CAPTURE_AUTORELEASING = YES;
				CLANG_WARN_BOOL_CONVERSION = YES;
				CLANG_WARN_COMMA = YES;
				CLANG_WARN_CONSTANT_CONVERSION = YES;
				CLANG_WARN_DEPRECATED_OBJC_IMPLEMENTATIONS = YES;
				CLANG_WARN_DIRECT_OBJC_ISA_USAGE = YES_ERROR;
				CLANG_WARN_DOCUMENTATION_COMMENTS = YES;
				CLANG_WARN_EMPTY_BODY = YES;
				CLANG_WARN_ENUM_CONVERSION = YES;
				CLANG_WARN_INFINITE_RECURSION = YES;
				CLANG_WARN_INT_CONVERSION = YES;
				CLANG_WARN_NON_LITERAL_NULL_CONVERSION = YES;
				CLANG_WARN_OBJC_IMPLICIT_RETAIN_SELF = YES;
				CLANG_WARN_OBJC_LITERAL_CONVERSION = YES;
				CLANG_WARN_OBJC_ROOT_CLASS = YES_ERROR;
				CLANG_WARN_RANGE_LOOP_ANALYSIS = YES;
				CLANG_WARN_STRICT_PROTOTYPES = YES;
				CLANG_WARN_SUSPICIOUS_MOVE = YES;
				CLANG_WARN_UNGUARDED_AVAILABILITY = YES_AGGRESSIVE;
				CLANG_WARN_UNREACHABLE_CODE = YES;
				CLANG_WARN__DUPLICATE_METHOD_MATCH = YES;
				CODE_SIGN_IDENTITY = "iPhone Developer";
				COPY_PHASE_STRIP = NO;
				DEBUG_INFORMATION_FORMAT = dwarf;
				ENABLE_STRICT_OBJC_MSGSEND = YES;
				ENABLE_TESTABILITY = YES;
				GCC_C_LANGUAGE_STANDARD = gnu11;
				GCC_DYNAMIC_NO_PIC = NO;
				GCC_NO_COMMON_BLOCKS = YES;
				GCC_OPTIMIZATION_LEVEL = 0;
				GCC_PREPROCESSOR_DEFINITIONS = (
					"DEBUG=1",
					"$(inherited)",
				);
				GCC_WARN_64_TO_32_BIT_CONVERSION = YES;
				GCC_WARN_ABOUT_RETURN_TYPE = YES_ERROR;
				GCC_WARN_UNDECLARED_SELECTOR = YES;
				GCC_WARN_UNINITIALIZED_AUTOS = YES_AGGRESSIVE;
				GCC_WARN_UNUSED_FUNCTION = YES;
				GCC_WARN_UNUSED_VARIABLE = YES;
				IPHONEOS_DEPLOYMENT_TARGET = 12.1;
				MTL_ENABLE_DEBUG_INFO = INCLUDE_SOURCE;
				MTL_FAST_MATH = YES;
				ONLY_ACTIVE_ARCH = YES;
				SDKROOT = iphoneos;
				SWIFT_ACTIVE_COMPILATION_CONDITIONS = DEBUG;
				SWIFT_OPTIMIZATION_LEVEL = "-Onone";
			};
			name = Debug;
		};
		6AC5DE00219E8DE900971C3F /* Release */ = {
			isa = XCBuildConfiguration;
			buildSettings = {
				ALWAYS_SEARCH_USER_PATHS = NO;
				CLANG_ANALYZER_NONNULL = YES;
				CLANG_ANALYZER_NUMBER_OBJECT_CONVERSION = YES_AGGRESSIVE;
				CLANG_CXX_LANGUAGE_STANDARD = "gnu++14";
				CLANG_CXX_LIBRARY = "libc++";
				CLANG_ENABLE_MODULES = YES;
				CLANG_ENABLE_OBJC_ARC = YES;
				CLANG_ENABLE_OBJC_WEAK = YES;
				CLANG_WARN_BLOCK_CAPTURE_AUTORELEASING = YES;
				CLANG_WARN_BOOL_CONVERSION = YES;
				CLANG_WARN_COMMA = YES;
				CLANG_WARN_CONSTANT_CONVERSION = YES;
				CLANG_WARN_DEPRECATED_OBJC_IMPLEMENTATIONS = YES;
				CLANG_WARN_DIRECT_OBJC_ISA_USAGE = YES_ERROR;
				CLANG_WARN_DOCUMENTATION_COMMENTS = YES;
				CLANG_WARN_EMPTY_BODY = YES;
				CLANG_WARN_ENUM_CONVERSION = YES;
				CLANG_WARN_INFINITE_RECURSION = YES;
				CLANG_WARN_INT_CONVERSION = YES;
				CLANG_WARN_NON_LITERAL_NULL_CONVERSION = YES;
				CLANG_WARN_OBJC_IMPLICIT_RETAIN_SELF = YES;
				CLANG_WARN_OBJC_LITERAL_CONVERSION = YES;
				CLANG_WARN_OBJC_ROOT_CLASS = YES_ERROR;
				CLANG_WARN_RANGE_LOOP_ANALYSIS = YES;
				CLANG_WARN_STRICT_PROTOTYPES = YES;
				CLANG_WARN_SUSPICIOUS_MOVE = YES;
				CLANG_WARN_UNGUARDED_AVAILABILITY = YES_AGGRESSIVE;
				CLANG_WARN_UNREACHABLE_CODE = YES;
				CLANG_WARN__DUPLICATE_METHOD_MATCH = YES;
				CODE_SIGN_IDENTITY = "iPhone Developer";
				COPY_PHASE_STRIP = NO;
				DEBUG_INFORMATION_FORMAT = "dwarf-with-dsym";
				ENABLE_NS_ASSERTIONS = NO;
				ENABLE_STRICT_OBJC_MSGSEND = YES;
				GCC_C_LANGUAGE_STANDARD = gnu11;
				GCC_NO_COMMON_BLOCKS = YES;
				GCC_WARN_64_TO_32_BIT_CONVERSION = YES;
				GCC_WARN_ABOUT_RETURN_TYPE = YES_ERROR;
				GCC_WARN_UNDECLARED_SELECTOR = YES;
				GCC_WARN_UNINITIALIZED_AUTOS = YES_AGGRESSIVE;
				GCC_WARN_UNUSED_FUNCTION = YES;
				GCC_WARN_UNUSED_VARIABLE = YES;
				IPHONEOS_DEPLOYMENT_TARGET = 12.1;
				MTL_ENABLE_DEBUG_INFO = NO;
				MTL_FAST_MATH = YES;
				SDKROOT = iphoneos;
				SWIFT_COMPILATION_MODE = wholemodule;
				SWIFT_OPTIMIZATION_LEVEL = "-O";
				VALIDATE_PRODUCT = YES;
			};
			name = Release;
		};
		6AC5DE02219E8DE900971C3F /* Debug */ = {
			isa = XCBuildConfiguration;
			baseConfigurationReference = 38D1F2585E0DFA8D83B12EF4 /* Pods-Album Viewer.debug.xcconfig */;
			buildSettings = {
				ASSETCATALOG_COMPILER_APPICON_NAME = AppIcon;
				CODE_SIGN_STYLE = Manual;
				DEVELOPMENT_TEAM = 5E6U3TCPM8;
				INFOPLIST_FILE = "Album Viewer/Info.plist";
				IPHONEOS_DEPLOYMENT_TARGET = 11.0;
				LD_RUNPATH_SEARCH_PATHS = (
					"$(inherited)",
					"@executable_path/Frameworks",
				);
				PRODUCT_BUNDLE_IDENTIFIER = com.paras.albumViewer;
				PRODUCT_NAME = "$(TARGET_NAME)";
				SWIFT_VERSION = 4.2;
				TARGETED_DEVICE_FAMILY = 1;
			};
			name = Debug;
		};
		6AC5DE03219E8DE900971C3F /* Release */ = {
			isa = XCBuildConfiguration;
			baseConfigurationReference = 006654B5693AFADB78D8CEB2 /* Pods-Album Viewer.release.xcconfig */;
			buildSettings = {
				ASSETCATALOG_COMPILER_APPICON_NAME = AppIcon;
				CODE_SIGN_STYLE = Manual;
				DEVELOPMENT_TEAM = 5E6U3TCPM8;
				INFOPLIST_FILE = "Album Viewer/Info.plist";
				IPHONEOS_DEPLOYMENT_TARGET = 11.0;
				LD_RUNPATH_SEARCH_PATHS = (
					"$(inherited)",
					"@executable_path/Frameworks",
				);
				PRODUCT_BUNDLE_IDENTIFIER = com.paras.albumViewer;
				PRODUCT_NAME = "$(TARGET_NAME)";
				SWIFT_VERSION = 4.2;
				TARGETED_DEVICE_FAMILY = 1;
			};
			name = Release;
		};
/* End XCBuildConfiguration section */

/* Begin XCConfigurationList section */
		6AC5DDEA219E8DE800971C3F /* Build configuration list for PBXProject "Album Viewer" */ = {
			isa = XCConfigurationList;
			buildConfigurations = (
				6AC5DDFF219E8DE900971C3F /* Debug */,
				6AC5DE00219E8DE900971C3F /* Release */,
			);
			defaultConfigurationIsVisible = 0;
			defaultConfigurationName = Release;
		};
		6AC5DE01219E8DE900971C3F /* Build configuration list for PBXNativeTarget "Album Viewer" */ = {
			isa = XCConfigurationList;
			buildConfigurations = (
				6AC5DE02219E8DE900971C3F /* Debug */,
				6AC5DE03219E8DE900971C3F /* Release */,
			);
			defaultConfigurationIsVisible = 0;
			defaultConfigurationName = Release;
		};
/* End XCConfigurationList section */
	};
	rootObject = 6AC5DDE7219E8DE800971C3F /* Project object */;
}
