PODS:
  - Alamofire (4.7.3)
  - MKProgress (1.0.8)
  - SKPhotoBrowser (6.0.0)
  - Unbox (3.0.0)

DEPENDENCIES:
  - Alamofire (~> 4.7)
  - MKProgress (~> 1.0.8)
  - SKPhotoBrowser
  - Unbox

SPEC REPOS:
  https://github.com/cocoapods/specs.git:
    - Alamofire
    - MKProgress
    - SKPhotoBrowser
    - Unbox

SPEC CHECKSUMS:
  Alamofire: c7287b6e5d7da964a70935e5db17046b7fde6568
  MKProgress: 2d872e61bf7cd559e2a0c335327743458f31b987
  SKPhotoBrowser: 76eb862685761707b5745fde7762757966565e07
  Unbox: 9ed33b2a31f7a8a049f54b94d40c4a52a28c4d9d

PODFILE CHECKSUM: 2006f5d7b161e071105f36e03d6a42be59b4a59f

COCOAPODS: 1.5.3
